
Microsoft Visual Studio Solution File, Format Version 12.00
# Visual Studio 15
VisualStudioVersion = 15.0.28307.539
MinimumVisualStudioVersion = 10.0.40219.1
Project("{FAE04EC0-301F-11D3-BF4B-00C04F79EFBC}") = "Battle simulator", "Battle simulator\Battle simulator.csproj", "{DF9DA73B-6089-411D-AC9F-B83BE76B779D}"
EndProject
Global
	GlobalSection(SolutionConfigurationPlatforms) = preSolution
		Debug|Any CPU = Debug|Any CPU
		Release|Any CPU = Release|Any CPU
	EndGlobalSection
	GlobalSection(ProjectConfigurationPlatforms) = postSolution
		{DF9DA73B-6089-411D-AC9F-B83BE76B779D}.Debug|Any CPU.ActiveCfg = Debug|Any CPU
		{DF9DA73B-6089-411D-AC9F-B83BE76B779D}.Debug|Any CPU.Build.0 = Debug|Any CPU
		{DF9DA73B-6089-411D-AC9F-B83BE76B779D}.Release|Any CPU.ActiveCfg = Release|Any CPU
		{DF9DA73B-6089-411D-AC9F-B83BE76B779D}.Release|Any CPU.Build.0 = Release|Any CPU
	EndGlobalSection
	GlobalSection(SolutionProperties) = preSolution
		HideSolutionNode = FALSE
	EndGlobalSection
	GlobalSection(ExtensibilityGlobals) = postSolution
		SolutionGuid = {F343570A-4C69-4F47-A743-58FB9B3319FF}
	EndGlobalSection
EndGlobal
